
Microsoft Visual Studio Solution File, Format Version 12.00
# Visual Studio Version 17
VisualStudioVersion = 17.5.33414.496
MinimumVisualStudioVersion = 10.0.40219.1
Project("{2150E333-8FDC-42A3-9474-1A3956D46DE8}") = "01 - UI", "01 - UI", "{EAE9C178-3EBC-49E5-AE77-C6C286C4A8CA}"
EndProject
Project("{2150E333-8FDC-42A3-9474-1A3956D46DE8}") = "02 - Services", "02 - Services", "{200936DB-B3B8-42EE-8F7B-9011851DC86C}"
EndProject
Project("{2150E333-8FDC-42A3-9474-1A3956D46DE8}") = "03 - Applications", "03 - Applications", "{68E06203-5A41-4B7D-BF54-755BCF06B902}"
EndProject
Project("{2150E333-8FDC-42A3-9474-1A3956D46DE8}") = "04 - Domains", "04 - Domains", "{410F822B-DB7C-4137-A1DB-8306880C19EB}"
EndProject
Project("{2150E333-8FDC-42A3-9474-1A3956D46DE8}") = "05 - Infra", "05 - Infra", "{FCBE6440-95B7-495E-884F-194DE46014D5}"
EndProject
Project("{2150E333-8FDC-42A3-9474-1A3956D46DE8}") = "02.1 - Core", "02.1 - Core", "{DA724E78-FC64-4349-982C-9DAA66DDF3B7}"
EndProject
Project("{2150E333-8FDC-42A3-9474-1A3956D46DE8}") = "02.2 - API", "02.2 - API", "{94F4A248-9C66-4CC7-A603-DB53FD215670}"
EndProject
Project("{2150E333-8FDC-42A3-9474-1A3956D46DE8}") = "04.1 - Core", "04.1 - Core", "{354ADE3B-1341-4B97-8AC5-B33F56CE404A}"
EndProject
Project("{2150E333-8FDC-42A3-9474-1A3956D46DE8}") = "04.2 -Model", "04.2 -Model", "{B609D796-0583-466C-B571-9040E08924FD}"
EndProject
Project("{2150E333-8FDC-42A3-9474-1A3956D46DE8}") = "03.1 - Core", "03.1 - Core", "{0CF9BAAC-686B-4B94-B083-69E3513207B3}"
EndProject
Project("{2150E333-8FDC-42A3-9474-1A3956D46DE8}") = "03.2 - ViewModel", "03.2 - ViewModel", "{35427A3B-680C-446C-9C22-E9F92C6B05DE}"
EndProject
Project("{2150E333-8FDC-42A3-9474-1A3956D46DE8}") = "03.3 - Service", "03.3 - Service", "{A21EB989-F9B7-4557-AE4E-C13E97DF0B05}"
EndProject
Project("{2150E333-8FDC-42A3-9474-1A3956D46DE8}") = "05.1 - Data", "05.1 - Data", "{2880F451-9C5C-4E28-ADEA-91E155D24CB3}"
EndProject
Project("{9A19103F-16F7-4668-BE54-9A1E7A4F7556}") = "Infra.Repository", "src\Infra.Repository\Infra.Repository.csproj", "{1FB71A27-A366-4F00-80B2-01EED628E121}"
EndProject
Project("{9A19103F-16F7-4668-BE54-9A1E7A4F7556}") = "Domain.Model", "src\Domain.Model\Domain.Model.csproj", "{1A585745-792A-4B41-A637-818022CCC64B}"
EndProject
Project("{9A19103F-16F7-4668-BE54-9A1E7A4F7556}") = "Domain.Core", "src\Domain.Core\Domain.Core.csproj", "{81577DC2-E23C-4E41-BE7C-E6CC401E132F}"
EndProject
Project("{9A19103F-16F7-4668-BE54-9A1E7A4F7556}") = "Application.Core", "src\Application.Core\Application.Core.csproj", "{56B33C6C-97FE-4BBA-A2DD-236CB01D0374}"
EndProject
Project("{9A19103F-16F7-4668-BE54-9A1E7A4F7556}") = "Application.ViewModel", "src\Application.ViewModel\Application.ViewModel.csproj", "{3CB8E651-ECD7-4D14-BC36-600282768681}"
EndProject
Project("{2150E333-8FDC-42A3-9474-1A3956D46DE8}") = "02.2.1 - Login", "02.2.1 - Login", "{237BC4B6-14A1-41B3-A27D-2B84AA771EBF}"
EndProject
Project("{9A19103F-16F7-4668-BE54-9A1E7A4F7556}") = "Service.API.Login", "src\Service.API.Login\Service.API.Login.csproj", "{A6774786-E547-42EA-B98C-01131ED72E07}"
EndProject
Project("{9A19103F-16F7-4668-BE54-9A1E7A4F7556}") = "Service.Core", "src\Service.Core\Service.Core.csproj", "{7545D2DC-6AE1-41D4-81E0-DC8D06A65210}"
EndProject
Project("{9A19103F-16F7-4668-BE54-9A1E7A4F7556}") = "Application.Service", "src\Application.Service\Application.Service.csproj", "{5686F9AC-7D8F-44FF-BADE-E66226FBC024}"
EndProject
Project("{2150E333-8FDC-42A3-9474-1A3956D46DE8}") = "05.2 - CrossCutting", "05.2 - CrossCutting", "{524184A1-93E5-43A2-87E2-0B61D0E808B2}"
EndProject
Project("{9A19103F-16F7-4668-BE54-9A1E7A4F7556}") = "Infra.Library", "src\Infra.Library\Infra.Library.csproj", "{A39541D4-F25C-453C-9DE4-7A81F37AD9A5}"
EndProject
Project("{2150E333-8FDC-42A3-9474-1A3956D46DE8}") = "05.3 - Mensageria", "05.3 - Mensageria", "{FC428B81-1657-4D0E-A3A7-E1A90E2F81FB}"
EndProject
Project("{9A19103F-16F7-4668-BE54-9A1E7A4F7556}") = "Infra.Mensageria", "src\Infra.Mensageria\Infra.Mensageria.csproj", "{646D5126-0288-4006-B559-3667E7A8C3A8}"
EndProject
Project("{2150E333-8FDC-42A3-9474-1A3956D46DE8}") = "05.4 - EmailService", "05.4 - EmailService", "{0FBA4FFA-7BF4-4762-84AC-24FDE4DE0948}"
EndProject
Project("{FAE04EC0-301F-11D3-BF4B-00C04F79EFBC}") = "Infra.EmailService", "src\Infra.EmailService\Infra.EmailService.csproj", "{DCABF7B9-22CC-4E79-B047-D9B34F29FB3E}"
EndProject
Project("{2150E333-8FDC-42A3-9474-1A3956D46DE8}") = "05.5 - BackgroundService", "05.5 - BackgroundService", "{57F786AB-FC8C-435C-9E90-E629337BA641}"
EndProject
Project("{FAE04EC0-301F-11D3-BF4B-00C04F79EFBC}") = "Infra.BackgroundService", "src\Infra.BackgroundService\Infra.BackgroundService.csproj", "{53D91348-A2FD-4D54-A790-E4A08D07C331}"
EndProject
Global
	GlobalSection(SolutionConfigurationPlatforms) = preSolution
		Debug|Any CPU = Debug|Any CPU
		Release|Any CPU = Release|Any CPU
	EndGlobalSection
	GlobalSection(ProjectConfigurationPlatforms) = postSolution
		{1FB71A27-A366-4F00-80B2-01EED628E121}.Debug|Any CPU.ActiveCfg = Debug|Any CPU
		{1FB71A27-A366-4F00-80B2-01EED628E121}.Debug|Any CPU.Build.0 = Debug|Any CPU
		{1FB71A27-A366-4F00-80B2-01EED628E121}.Release|Any CPU.ActiveCfg = Release|Any CPU
		{1FB71A27-A366-4F00-80B2-01EED628E121}.Release|Any CPU.Build.0 = Release|Any CPU
		{1A585745-792A-4B41-A637-818022CCC64B}.Debug|Any CPU.ActiveCfg = Debug|Any CPU
		{1A585745-792A-4B41-A637-818022CCC64B}.Debug|Any CPU.Build.0 = Debug|Any CPU
		{1A585745-792A-4B41-A637-818022CCC64B}.Release|Any CPU.ActiveCfg = Release|Any CPU
		{1A585745-792A-4B41-A637-818022CCC64B}.Release|Any CPU.Build.0 = Release|Any CPU
		{81577DC2-E23C-4E41-BE7C-E6CC401E132F}.Debug|Any CPU.ActiveCfg = Debug|Any CPU
		{81577DC2-E23C-4E41-BE7C-E6CC401E132F}.Debug|Any CPU.Build.0 = Debug|Any CPU
		{81577DC2-E23C-4E41-BE7C-E6CC401E132F}.Release|Any CPU.ActiveCfg = Release|Any CPU
		{81577DC2-E23C-4E41-BE7C-E6CC401E132F}.Release|Any CPU.Build.0 = Release|Any CPU
		{56B33C6C-97FE-4BBA-A2DD-236CB01D0374}.Debug|Any CPU.ActiveCfg = Debug|Any CPU
		{56B33C6C-97FE-4BBA-A2DD-236CB01D0374}.Debug|Any CPU.Build.0 = Debug|Any CPU
		{56B33C6C-97FE-4BBA-A2DD-236CB01D0374}.Release|Any CPU.ActiveCfg = Release|Any CPU
		{56B33C6C-97FE-4BBA-A2DD-236CB01D0374}.Release|Any CPU.Build.0 = Release|Any CPU
		{3CB8E651-ECD7-4D14-BC36-600282768681}.Debug|Any CPU.ActiveCfg = Debug|Any CPU
		{3CB8E651-ECD7-4D14-BC36-600282768681}.Debug|Any CPU.Build.0 = Debug|Any CPU
		{3CB8E651-ECD7-4D14-BC36-600282768681}.Release|Any CPU.ActiveCfg = Release|Any CPU
		{3CB8E651-ECD7-4D14-BC36-600282768681}.Release|Any CPU.Build.0 = Release|Any CPU
		{A6774786-E547-42EA-B98C-01131ED72E07}.Debug|Any CPU.ActiveCfg = Debug|Any CPU
		{A6774786-E547-42EA-B98C-01131ED72E07}.Debug|Any CPU.Build.0 = Debug|Any CPU
		{A6774786-E547-42EA-B98C-01131ED72E07}.Release|Any CPU.ActiveCfg = Release|Any CPU
		{A6774786-E547-42EA-B98C-01131ED72E07}.Release|Any CPU.Build.0 = Release|Any CPU
		{7545D2DC-6AE1-41D4-81E0-DC8D06A65210}.Debug|Any CPU.ActiveCfg = Debug|Any CPU
		{7545D2DC-6AE1-41D4-81E0-DC8D06A65210}.Debug|Any CPU.Build.0 = Debug|Any CPU
		{7545D2DC-6AE1-41D4-81E0-DC8D06A65210}.Release|Any CPU.ActiveCfg = Release|Any CPU
		{7545D2DC-6AE1-41D4-81E0-DC8D06A65210}.Release|Any CPU.Build.0 = Release|Any CPU
		{5686F9AC-7D8F-44FF-BADE-E66226FBC024}.Debug|Any CPU.ActiveCfg = Debug|Any CPU
		{5686F9AC-7D8F-44FF-BADE-E66226FBC024}.Debug|Any CPU.Build.0 = Debug|Any CPU
		{5686F9AC-7D8F-44FF-BADE-E66226FBC024}.Release|Any CPU.ActiveCfg = Release|Any CPU
		{5686F9AC-7D8F-44FF-BADE-E66226FBC024}.Release|Any CPU.Build.0 = Release|Any CPU
		{A39541D4-F25C-453C-9DE4-7A81F37AD9A5}.Debug|Any CPU.ActiveCfg = Debug|Any CPU
		{A39541D4-F25C-453C-9DE4-7A81F37AD9A5}.Debug|Any CPU.Build.0 = Debug|Any CPU
		{A39541D4-F25C-453C-9DE4-7A81F37AD9A5}.Release|Any CPU.ActiveCfg = Release|Any CPU
		{A39541D4-F25C-453C-9DE4-7A81F37AD9A5}.Release|Any CPU.Build.0 = Release|Any CPU
		{646D5126-0288-4006-B559-3667E7A8C3A8}.Debug|Any CPU.ActiveCfg = Debug|Any CPU
		{646D5126-0288-4006-B559-3667E7A8C3A8}.Debug|Any CPU.Build.0 = Debug|Any CPU
		{646D5126-0288-4006-B559-3667E7A8C3A8}.Release|Any CPU.ActiveCfg = Release|Any CPU
		{646D5126-0288-4006-B559-3667E7A8C3A8}.Release|Any CPU.Build.0 = Release|Any CPU
		{DCABF7B9-22CC-4E79-B047-D9B34F29FB3E}.Debug|Any CPU.ActiveCfg = Debug|Any CPU
		{DCABF7B9-22CC-4E79-B047-D9B34F29FB3E}.Debug|Any CPU.Build.0 = Debug|Any CPU
		{DCABF7B9-22CC-4E79-B047-D9B34F29FB3E}.Release|Any CPU.ActiveCfg = Release|Any CPU
		{DCABF7B9-22CC-4E79-B047-D9B34F29FB3E}.Release|Any CPU.Build.0 = Release|Any CPU
		{53D91348-A2FD-4D54-A790-E4A08D07C331}.Debug|Any CPU.ActiveCfg = Debug|Any CPU
		{53D91348-A2FD-4D54-A790-E4A08D07C331}.Debug|Any CPU.Build.0 = Debug|Any CPU
		{53D91348-A2FD-4D54-A790-E4A08D07C331}.Release|Any CPU.ActiveCfg = Release|Any CPU
		{53D91348-A2FD-4D54-A790-E4A08D07C331}.Release|Any CPU.Build.0 = Release|Any CPU
	EndGlobalSection
	GlobalSection(SolutionProperties) = preSolution
		HideSolutionNode = FALSE
	EndGlobalSection
	GlobalSection(NestedProjects) = preSolution
		{DA724E78-FC64-4349-982C-9DAA66DDF3B7} = {200936DB-B3B8-42EE-8F7B-9011851DC86C}
		{94F4A248-9C66-4CC7-A603-DB53FD215670} = {200936DB-B3B8-42EE-8F7B-9011851DC86C}
		{354ADE3B-1341-4B97-8AC5-B33F56CE404A} = {410F822B-DB7C-4137-A1DB-8306880C19EB}
		{B609D796-0583-466C-B571-9040E08924FD} = {410F822B-DB7C-4137-A1DB-8306880C19EB}
		{0CF9BAAC-686B-4B94-B083-69E3513207B3} = {68E06203-5A41-4B7D-BF54-755BCF06B902}
		{35427A3B-680C-446C-9C22-E9F92C6B05DE} = {68E06203-5A41-4B7D-BF54-755BCF06B902}
		{A21EB989-F9B7-4557-AE4E-C13E97DF0B05} = {68E06203-5A41-4B7D-BF54-755BCF06B902}
		{2880F451-9C5C-4E28-ADEA-91E155D24CB3} = {FCBE6440-95B7-495E-884F-194DE46014D5}
		{1FB71A27-A366-4F00-80B2-01EED628E121} = {2880F451-9C5C-4E28-ADEA-91E155D24CB3}
		{1A585745-792A-4B41-A637-818022CCC64B} = {B609D796-0583-466C-B571-9040E08924FD}
		{81577DC2-E23C-4E41-BE7C-E6CC401E132F} = {354ADE3B-1341-4B97-8AC5-B33F56CE404A}
		{56B33C6C-97FE-4BBA-A2DD-236CB01D0374} = {0CF9BAAC-686B-4B94-B083-69E3513207B3}
		{3CB8E651-ECD7-4D14-BC36-600282768681} = {35427A3B-680C-446C-9C22-E9F92C6B05DE}
		{237BC4B6-14A1-41B3-A27D-2B84AA771EBF} = {94F4A248-9C66-4CC7-A603-DB53FD215670}
		{A6774786-E547-42EA-B98C-01131ED72E07} = {237BC4B6-14A1-41B3-A27D-2B84AA771EBF}
		{7545D2DC-6AE1-41D4-81E0-DC8D06A65210} = {DA724E78-FC64-4349-982C-9DAA66DDF3B7}
		{5686F9AC-7D8F-44FF-BADE-E66226FBC024} = {A21EB989-F9B7-4557-AE4E-C13E97DF0B05}
		{524184A1-93E5-43A2-87E2-0B61D0E808B2} = {FCBE6440-95B7-495E-884F-194DE46014D5}
		{A39541D4-F25C-453C-9DE4-7A81F37AD9A5} = {524184A1-93E5-43A2-87E2-0B61D0E808B2}
		{FC428B81-1657-4D0E-A3A7-E1A90E2F81FB} = {FCBE6440-95B7-495E-884F-194DE46014D5}
		{646D5126-0288-4006-B559-3667E7A8C3A8} = {FC428B81-1657-4D0E-A3A7-E1A90E2F81FB}
		{0FBA4FFA-7BF4-4762-84AC-24FDE4DE0948} = {FCBE6440-95B7-495E-884F-194DE46014D5}
		{DCABF7B9-22CC-4E79-B047-D9B34F29FB3E} = {0FBA4FFA-7BF4-4762-84AC-24FDE4DE0948}
		{57F786AB-FC8C-435C-9E90-E629337BA641} = {FCBE6440-95B7-495E-884F-194DE46014D5}
		{53D91348-A2FD-4D54-A790-E4A08D07C331} = {57F786AB-FC8C-435C-9E90-E629337BA641}
	EndGlobalSection
	GlobalSection(ExtensibilityGlobals) = postSolution
		SolutionGuid = {05E1E3E6-6691-45A7-9C8C-2DCF5C808A54}
	EndGlobalSection
EndGlobal
